
Microsoft Visual Studio Solution File, Format Version 12.00
# Visual Studio Version 16
VisualStudioVersion = 16.0.31624.102
MinimumVisualStudioVersion = 10.0.40219.1
Project("{FAE04EC0-301F-11D3-BF4B-00C04F79EFBC}") = "ShopsRUs.API", "ShopsRUs.API.csproj", "{37F31C24-FE8C-4C5C-9B68-98ACCA13293D}"
EndProject
Project("{FAE04EC0-301F-11D3-BF4B-00C04F79EFBC}") = "ShopsRUs.Domain", "..\ShopsRUs.Domain\ShopsRUs.Domain.csproj", "{75B2E21D-E924-4E06-B5D2-2D8A70826969}"
EndProject
Project("{FAE04EC0-301F-11D3-BF4B-00C04F79EFBC}") = "ShopsRUs.Infrastructure", "..\ShopsRUs.Infrastructure\ShopsRUs.Infrastructure.csproj", "{43679D3F-030F-40C6-BE9F-AD40A46FCC8A}"
EndProject
Project("{FAE04EC0-301F-11D3-BF4B-00C04F79EFBC}") = "ShopsRUs.Tests", "..\ShopsRUs.Tests\ShopsRUs.Tests.csproj", "{D11071AB-79B3-4E72-BA82-CABA888BCFB1}"
EndProject
Global
	GlobalSection(SolutionConfigurationPlatforms) = preSolution
		Debug|Any CPU = Debug|Any CPU
		Release|Any CPU = Release|Any CPU
	EndGlobalSection
	GlobalSection(ProjectConfigurationPlatforms) = postSolution
		{37F31C24-FE8C-4C5C-9B68-98ACCA13293D}.Debug|Any CPU.ActiveCfg = Debug|Any CPU
		{37F31C24-FE8C-4C5C-9B68-98ACCA13293D}.Debug|Any CPU.Build.0 = Debug|Any CPU
		{37F31C24-FE8C-4C5C-9B68-98ACCA13293D}.Release|Any CPU.ActiveCfg = Release|Any CPU
		{37F31C24-FE8C-4C5C-9B68-98ACCA13293D}.Release|Any CPU.Build.0 = Release|Any CPU
		{75B2E21D-E924-4E06-B5D2-2D8A70826969}.Debug|Any CPU.ActiveCfg = Debug|Any CPU
		{75B2E21D-E924-4E06-B5D2-2D8A70826969}.Debug|Any CPU.Build.0 = Debug|Any CPU
		{75B2E21D-E924-4E06-B5D2-2D8A70826969}.Release|Any CPU.ActiveCfg = Release|Any CPU
		{75B2E21D-E924-4E06-B5D2-2D8A70826969}.Release|Any CPU.Build.0 = Release|Any CPU
		{43679D3F-030F-40C6-BE9F-AD40A46FCC8A}.Debug|Any CPU.ActiveCfg = Debug|Any CPU
		{43679D3F-030F-40C6-BE9F-AD40A46FCC8A}.Debug|Any CPU.Build.0 = Debug|Any CPU
		{43679D3F-030F-40C6-BE9F-AD40A46FCC8A}.Release|Any CPU.ActiveCfg = Release|Any CPU
		{43679D3F-030F-40C6-BE9F-AD40A46FCC8A}.Release|Any CPU.Build.0 = Release|Any CPU
		{D11071AB-79B3-4E72-BA82-CABA888BCFB1}.Debug|Any CPU.ActiveCfg = Debug|Any CPU
		{D11071AB-79B3-4E72-BA82-CABA888BCFB1}.Debug|Any CPU.Build.0 = Debug|Any CPU
		{D11071AB-79B3-4E72-BA82-CABA888BCFB1}.Release|Any CPU.ActiveCfg = Release|Any CPU
		{D11071AB-79B3-4E72-BA82-CABA888BCFB1}.Release|Any CPU.Build.0 = Release|Any CPU
	EndGlobalSection
	GlobalSection(SolutionProperties) = preSolution
		HideSolutionNode = FALSE
	EndGlobalSection
	GlobalSection(ExtensibilityGlobals) = postSolution
		SolutionGuid = {21B785D9-8BCD-4890-AC87-1650CAE9E729}
	EndGlobalSection
EndGlobal
